
Microsoft Visual Studio Solution File, Format Version 12.00
# Visual Studio Version 17
VisualStudioVersion = 17.7.34018.315
MinimumVisualStudioVersion = 10.0.40219.1
Project("{2150E333-8FDC-42A3-9474-1A3956D46DE8}") = "Frontend", "Frontend", "{B2637325-05E0-4404-9B8C-BE503174B2A6}"
EndProject
Project("{2150E333-8FDC-42A3-9474-1A3956D46DE8}") = "Gateway", "Gateway", "{0F532C07-DAD0-4DDD-92C6-EAB0F23C3D91}"
EndProject
Project("{2150E333-8FDC-42A3-9474-1A3956D46DE8}") = "Integration", "Integration", "{6E735B4C-F374-4638-BFF9-5773FB4EA299}"
EndProject
Project("{2150E333-8FDC-42A3-9474-1A3956D46DE8}") = "Services", "Services", "{A6DE7794-F312-4969-A103-AE83E07F0E28}"
EndProject
Project("{9A19103F-16F7-4668-BE54-9A1E7A4F7556}") = "Mango.Services.CouponAPI", "Mango.Services.CouponAPI\Mango.Services.CouponAPI.csproj", "{4BC6434A-1A81-4EF6-8B85-5923CFA07914}"
EndProject
Project("{FAE04EC0-301F-11D3-BF4B-00C04F79EFBC}") = "Mango Web", "Mango Web\Mango Web.csproj", "{34D036B4-A04E-44AF-8AA2-2598398BE45C}"
EndProject
Project("{FAE04EC0-301F-11D3-BF4B-00C04F79EFBC}") = "Mango.Services.AuthAPI", "Mango.Services.AuthAPI\Mango.Services.AuthAPI.csproj", "{A1622051-6D81-466C-AA75-729070FDF657}"
EndProject
Project("{FAE04EC0-301F-11D3-BF4B-00C04F79EFBC}") = "Mango.Services.ProductAPI", "Mango.Services.ProductAPI\Mango.Services.ProductAPI.csproj", "{1598F2E2-CA29-4831-B08C-8589C26FDDA8}"
EndProject
Project("{FAE04EC0-301F-11D3-BF4B-00C04F79EFBC}") = "Mango.Services.ShoppingCartAPI", "Mango.Services.ShoppingCartAPI\Mango.Services.ShoppingCartAPI.csproj", "{0FF92703-E0C6-4200-8ACE-75A52408EB55}"
EndProject
Global
	GlobalSection(SolutionConfigurationPlatforms) = preSolution
		Debug|Any CPU = Debug|Any CPU
		Release|Any CPU = Release|Any CPU
	EndGlobalSection
	GlobalSection(ProjectConfigurationPlatforms) = postSolution
		{4BC6434A-1A81-4EF6-8B85-5923CFA07914}.Debug|Any CPU.ActiveCfg = Debug|Any CPU
		{4BC6434A-1A81-4EF6-8B85-5923CFA07914}.Debug|Any CPU.Build.0 = Debug|Any CPU
		{4BC6434A-1A81-4EF6-8B85-5923CFA07914}.Release|Any CPU.ActiveCfg = Release|Any CPU
		{4BC6434A-1A81-4EF6-8B85-5923CFA07914}.Release|Any CPU.Build.0 = Release|Any CPU
		{34D036B4-A04E-44AF-8AA2-2598398BE45C}.Debug|Any CPU.ActiveCfg = Debug|Any CPU
		{34D036B4-A04E-44AF-8AA2-2598398BE45C}.Debug|Any CPU.Build.0 = Debug|Any CPU
		{34D036B4-A04E-44AF-8AA2-2598398BE45C}.Release|Any CPU.ActiveCfg = Release|Any CPU
		{34D036B4-A04E-44AF-8AA2-2598398BE45C}.Release|Any CPU.Build.0 = Release|Any CPU
		{A1622051-6D81-466C-AA75-729070FDF657}.Debug|Any CPU.ActiveCfg = Debug|Any CPU
		{A1622051-6D81-466C-AA75-729070FDF657}.Debug|Any CPU.Build.0 = Debug|Any CPU
		{A1622051-6D81-466C-AA75-729070FDF657}.Release|Any CPU.ActiveCfg = Release|Any CPU
		{A1622051-6D81-466C-AA75-729070FDF657}.Release|Any CPU.Build.0 = Release|Any CPU
		{1598F2E2-CA29-4831-B08C-8589C26FDDA8}.Debug|Any CPU.ActiveCfg = Debug|Any CPU
		{1598F2E2-CA29-4831-B08C-8589C26FDDA8}.Debug|Any CPU.Build.0 = Debug|Any CPU
		{1598F2E2-CA29-4831-B08C-8589C26FDDA8}.Release|Any CPU.ActiveCfg = Release|Any CPU
		{1598F2E2-CA29-4831-B08C-8589C26FDDA8}.Release|Any CPU.Build.0 = Release|Any CPU
		{0FF92703-E0C6-4200-8ACE-75A52408EB55}.Debug|Any CPU.ActiveCfg = Debug|Any CPU
		{0FF92703-E0C6-4200-8ACE-75A52408EB55}.Debug|Any CPU.Build.0 = Debug|Any CPU
		{0FF92703-E0C6-4200-8ACE-75A52408EB55}.Release|Any CPU.ActiveCfg = Release|Any CPU
		{0FF92703-E0C6-4200-8ACE-75A52408EB55}.Release|Any CPU.Build.0 = Release|Any CPU
	EndGlobalSection
	GlobalSection(SolutionProperties) = preSolution
		HideSolutionNode = FALSE
	EndGlobalSection
	GlobalSection(NestedProjects) = preSolution
		{4BC6434A-1A81-4EF6-8B85-5923CFA07914} = {A6DE7794-F312-4969-A103-AE83E07F0E28}
		{34D036B4-A04E-44AF-8AA2-2598398BE45C} = {B2637325-05E0-4404-9B8C-BE503174B2A6}
		{A1622051-6D81-466C-AA75-729070FDF657} = {A6DE7794-F312-4969-A103-AE83E07F0E28}
		{1598F2E2-CA29-4831-B08C-8589C26FDDA8} = {A6DE7794-F312-4969-A103-AE83E07F0E28}
		{0FF92703-E0C6-4200-8ACE-75A52408EB55} = {A6DE7794-F312-4969-A103-AE83E07F0E28}
	EndGlobalSection
	GlobalSection(ExtensibilityGlobals) = postSolution
		SolutionGuid = {B998B740-E704-4367-A7AB-89C9A72C661A}
	EndGlobalSection
EndGlobal
